// !$*UTF8*$!
{
	archiveVersion = 1;
	classes = {
	};
	objectVersion = 46;
	objects = {

/* Begin PBXBuildFile section */
		1FDAE7E319ED6C8C00C202AA /* main.m in Sources */ = {isa = PBXBuildFile; fileRef = 1FDAE7E219ED6C8C00C202AA /* main.m */; };
		1FDAE7E619ED6C8C00C202AA /* AppDelegate.m in Sources */ = {isa = PBXBuildFile; fileRef = 1FDAE7E519ED6C8C00C202AA /* AppDelegate.m */; };
		1FDAE7E919ED6C8C00C202AA /* ViewController.m in Sources */ = {isa = PBXBuildFile; fileRef = 1FDAE7E819ED6C8C00C202AA /* ViewController.m */; };
		1FDAE7EC19ED6C8C00C202AA /* Main.storyboard in Resources */ = {isa = PBXBuildFile; fileRef = 1FDAE7EA19ED6C8C00C202AA /* Main.storyboard */; };
		1FDAE7EE19ED6C8C00C202AA /* Images.xcassets in Resources */ = {isa = PBXBuildFile; fileRef = 1FDAE7ED19ED6C8C00C202AA /* Images.xcassets */; };
		1FDAE7F119ED6C8C00C202AA /* LaunchScreen.xib in Resources */ = {isa = PBXBuildFile; fileRef = 1FDAE7EF19ED6C8C00C202AA /* LaunchScreen.xib */; };
		1FDAE7FD19ED6C8C00C202AA /* Hw3Tests.m in Sources */ = {isa = PBXBuildFile; fileRef = 1FDAE7FC19ED6C8C00C202AA /* Hw3Tests.m */; };
		1FDAE80819ED6DE400C202AA /* PhotosTable.m in Sources */ = {isa = PBXBuildFile; fileRef = 1FDAE80719ED6DE400C202AA /* PhotosTable.m */; };
		1FDAE80B19ED6DFF00C202AA /* LocationsTable.m in Sources */ = {isa = PBXBuildFile; fileRef = 1FDAE80A19ED6DFF00C202AA /* LocationsTable.m */; };
		1FDAE81019ED6E8B00C202AA /* FlickrFetcher.m in Sources */ = {isa = PBXBuildFile; fileRef = 1FDAE80F19ED6E8B00C202AA /* FlickrFetcher.m */; };
/* End PBXBuildFile section */

/* Begin PBXContainerItemProxy section */
		1FDAE7F719ED6C8C00C202AA /* PBXContainerItemProxy */ = {
			isa = PBXContainerItemProxy;
			containerPortal = 1FDAE7D519ED6C8B00C202AA /* Project object */;
			proxyType = 1;
			remoteGlobalIDString = 1FDAE7DC19ED6C8C00C202AA;
			remoteInfo = Hw3;
		};
/* End PBXContainerItemProxy section */

/* Begin PBXFileReference section */
		1FDAE7DD19ED6C8C00C202AA /* Hw3.app */ = {isa = PBXFileReference; explicitFileType = wrapper.application; includeInIndex = 0; path = Hw3.app; sourceTree = BUILT_PRODUCTS_DIR; };
		1FDAE7E119ED6C8C00C202AA /* Info.plist */ = {isa = PBXFileReference; lastKnownFileType = text.plist.xml; path = Info.plist; sourceTree = "<group>"; };
		1FDAE7E219ED6C8C00C202AA /* main.m */ = {isa = PBXFileReference; lastKnownFileType = sourcecode.c.objc; path = main.m; sourceTree = "<group>"; };
		1FDAE7E419ED6C8C00C202AA /* AppDelegate.h */ = {isa = PBXFileReference; lastKnownFileType = sourcecode.c.h; path = AppDelegate.h; sourceTree = "<group>"; };
		1FDAE7E519ED6C8C00C202AA /* AppDelegate.m */ = {isa = PBXFileReference; lastKnownFileType = sourcecode.c.objc; path = AppDelegate.m; sourceTree = "<group>"; };
		1FDAE7E719ED6C8C00C202AA /* ViewController.h */ = {isa = PBXFileReference; lastKnownFileType = sourcecode.c.h; path = ViewController.h; sourceTree = "<group>"; };
		1FDAE7E819ED6C8C00C202AA /* ViewController.m */ = {isa = PBXFileReference; lastKnownFileType = sourcecode.c.objc; path = ViewController.m; sourceTree = "<group>"; };
		1FDAE7EB19ED6C8C00C202AA /* Base */ = {isa = PBXFileReference; lastKnownFileType = file.storyboard; name = Base; path = Base.lproj/Main.storyboard; sourceTree = "<group>"; };
		1FDAE7ED19ED6C8C00C202AA /* Images.xcassets */ = {isa = PBXFileReference; lastKnownFileType = folder.assetcatalog; path = Images.xcassets; sourceTree = "<group>"; };
		1FDAE7F019ED6C8C00C202AA /* Base */ = {isa = PBXFileReference; lastKnownFileType = file.xib; name = Base; path = Base.lproj/LaunchScreen.xib; sourceTree = "<group>"; };
		1FDAE7F619ED6C8C00C202AA /* Hw3Tests.xctest */ = {isa = PBXFileReference; explicitFileType = wrapper.cfbundle; includeInIndex = 0; path = Hw3Tests.xctest; sourceTree = BUILT_PRODUCTS_DIR; };
		1FDAE7FB19ED6C8C00C202AA /* Info.plist */ = {isa = PBXFileReference; lastKnownFileType = text.plist.xml; path = Info.plist; sourceTree = "<group>"; };
		1FDAE7FC19ED6C8C00C202AA /* Hw3Tests.m */ = {isa = PBXFileReference; lastKnownFileType = sourcecode.c.objc; path = Hw3Tests.m; sourceTree = "<group>"; };
		1FDAE80619ED6DE400C202AA /* PhotosTable.h */ = {isa = PBXFileReference; fileEncoding = 4; lastKnownFileType = sourcecode.c.h; path = PhotosTable.h; sourceTree = "<group>"; };
		1FDAE80719ED6DE400C202AA /* PhotosTable.m */ = {isa = PBXFileReference; fileEncoding = 4; lastKnownFileType = sourcecode.c.objc; path = PhotosTable.m; sourceTree = "<group>"; };
		1FDAE80919ED6DFF00C202AA /* LocationsTable.h */ = {isa = PBXFileReference; fileEncoding = 4; lastKnownFileType = sourcecode.c.h; path = LocationsTable.h; sourceTree = "<group>"; };
		1FDAE80A19ED6DFF00C202AA /* LocationsTable.m */ = {isa = PBXFileReference; fileEncoding = 4; lastKnownFileType = sourcecode.c.objc; path = LocationsTable.m; sourceTree = "<group>"; };
		1FDAE80D19ED6E8B00C202AA /* FlickrAPIKey.h */ = {isa = PBXFileReference; fileEncoding = 4; lastKnownFileType = sourcecode.c.h; path = FlickrAPIKey.h; sourceTree = "<group>"; };
		1FDAE80E19ED6E8B00C202AA /* FlickrFetcher.h */ = {isa = PBXFileReference; fileEncoding = 4; lastKnownFileType = sourcecode.c.h; path = FlickrFetcher.h; sourceTree = "<group>"; };
		1FDAE80F19ED6E8B00C202AA /* FlickrFetcher.m */ = {isa = PBXFileReference; fileEncoding = 4; lastKnownFileType = sourcecode.c.objc; path = FlickrFetcher.m; sourceTree = "<group>"; };
/* End PBXFileReference section */

/* Begin PBXFrameworksBuildPhase section */
		1FDAE7DA19ED6C8C00C202AA /* Frameworks */ = {
			isa = PBXFrameworksBuildPhase;
			buildActionMask = 2147483647;
			files = (
			);
			runOnlyForDeploymentPostprocessing = 0;
		};
		1FDAE7F319ED6C8C00C202AA /* Frameworks */ = {
			isa = PBXFrameworksBuildPhase;
			buildActionMask = 2147483647;
			files = (
			);
			runOnlyForDeploymentPostprocessing = 0;
		};
/* End PBXFrameworksBuildPhase section */

/* Begin PBXGroup section */
		1FDAE7D419ED6C8B00C202AA = {
			isa = PBXGroup;
			children = (
				1FDAE7DF19ED6C8C00C202AA /* Hw3 */,
				1FDAE7F919ED6C8C00C202AA /* Hw3Tests */,
				1FDAE7DE19ED6C8C00C202AA /* Products */,
			);
			sourceTree = "<group>";
		};
		1FDAE7DE19ED6C8C00C202AA /* Products */ = {
			isa = PBXGroup;
			children = (
				1FDAE7DD19ED6C8C00C202AA /* Hw3.app */,
				1FDAE7F619ED6C8C00C202AA /* Hw3Tests.xctest */,
			);
			name = Products;
			sourceTree = "<group>";
		};
		1FDAE7DF19ED6C8C00C202AA /* Hw3 */ = {
			isa = PBXGroup;
			children = (
				1FDAE80C19ED6E8B00C202AA /* FlickrFetcher */,
				1FDAE7E419ED6C8C00C202AA /* AppDelegate.h */,
				1FDAE7E519ED6C8C00C202AA /* AppDelegate.m */,
				1FDAE7E719ED6C8C00C202AA /* ViewController.h */,
				1FDAE7E819ED6C8C00C202AA /* ViewController.m */,
				1FDAE7EA19ED6C8C00C202AA /* Main.storyboard */,
				1FDAE80919ED6DFF00C202AA /* LocationsTable.h */,
				1FDAE80A19ED6DFF00C202AA /* LocationsTable.m */,
				1FDAE80619ED6DE400C202AA /* PhotosTable.h */,
				1FDAE80719ED6DE400C202AA /* PhotosTable.m */,
				1FDAE7ED19ED6C8C00C202AA /* Images.xcassets */,
				1FDAE7EF19ED6C8C00C202AA /* LaunchScreen.xib */,
				1FDAE7E019ED6C8C00C202AA /* Supporting Files */,
			);
			path = Hw3;
			sourceTree = "<group>";
		};
		1FDAE7E019ED6C8C00C202AA /* Supporting Files */ = {
			isa = PBXGroup;
			children = (
				1FDAE7E119ED6C8C00C202AA /* Info.plist */,
				1FDAE7E219ED6C8C00C202AA /* main.m */,
			);
			name = "Supporting Files";
			sourceTree = "<group>";
		};
		1FDAE7F919ED6C8C00C202AA /* Hw3Tests */ = {
			isa = PBXGroup;
			children = (
				1FDAE7FC19ED6C8C00C202AA /* Hw3Tests.m */,
				1FDAE7FA19ED6C8C00C202AA /* Supporting Files */,
			);
			path = Hw3Tests;
			sourceTree = "<group>";
		};
		1FDAE7FA19ED6C8C00C202AA /* Supporting Files */ = {
			isa = PBXGroup;
			children = (
				1FDAE7FB19ED6C8C00C202AA /* Info.plist */,
			);
			name = "Supporting Files";
			sourceTree = "<group>";
		};
		1FDAE80C19ED6E8B00C202AA /* FlickrFetcher */ = {
			isa = PBXGroup;
			children = (
				1FDAE80D19ED6E8B00C202AA /* FlickrAPIKey.h */,
				1FDAE80E19ED6E8B00C202AA /* FlickrFetcher.h */,
				1FDAE80F19ED6E8B00C202AA /* FlickrFetcher.m */,
			);
			path = FlickrFetcher;
			sourceTree = "<group>";
		};
/* End PBXGroup section */

/* Begin PBXNativeTarget section */
		1FDAE7DC19ED6C8C00C202AA /* Hw3 */ = {
			isa = PBXNativeTarget;
			buildConfigurationList = 1FDAE80019ED6C8C00C202AA /* Build configuration list for PBXNativeTarget "Hw3" */;
			buildPhases = (
				1FDAE7D919ED6C8C00C202AA /* Sources */,
				1FDAE7DA19ED6C8C00C202AA /* Frameworks */,
				1FDAE7DB19ED6C8C00C202AA /* Resources */,
			);
			buildRules = (
			);
			dependencies = (
			);
			name = Hw3;
			productName = Hw3;
			productReference = 1FDAE7DD19ED6C8C00C202AA /* Hw3.app */;
			productType = "com.apple.product-type.application";
		};
		1FDAE7F519ED6C8C00C202AA /* Hw3Tests */ = {
			isa = PBXNativeTarget;
			buildConfigurationList = 1FDAE80319ED6C8C00C202AA /* Build configuration list for PBXNativeTarget "Hw3Tests" */;
			buildPhases = (
				1FDAE7F219ED6C8C00C202AA /* Sources */,
				1FDAE7F319ED6C8C00C202AA /* Frameworks */,
				1FDAE7F419ED6C8C00C202AA /* Resources */,
			);
			buildRules = (
			);
			dependencies = (
				1FDAE7F819ED6C8C00C202AA /* PBXTargetDependency */,
			);
			name = Hw3Tests;
			productName = Hw3Tests;
			productReference = 1FDAE7F619ED6C8C00C202AA /* Hw3Tests.xctest */;
			productType = "com.apple.product-type.bundle.unit-test";
		};
/* End PBXNativeTarget section */

/* Begin PBXProject section */
		1FDAE7D519ED6C8B00C202AA /* Project object */ = {
			isa = PBXProject;
			attributes = {
				LastUpgradeCheck = 0600;
				ORGANIZATIONNAME = JeffreyShih;
				TargetAttributes = {
					1FDAE7DC19ED6C8C00C202AA = {
						CreatedOnToolsVersion = 6.0.1;
					};
					1FDAE7F519ED6C8C00C202AA = {
						CreatedOnToolsVersion = 6.0.1;
						TestTargetID = 1FDAE7DC19ED6C8C00C202AA;
					};
				};
			};
			buildConfigurationList = 1FDAE7D819ED6C8B00C202AA /* Build configuration list for PBXProject "Hw3" */;
			compatibilityVersion = "Xcode 3.2";
			developmentRegion = English;
			hasScannedForEncodings = 0;
			knownRegions = (
				en,
				Base,
			);
			mainGroup = 1FDAE7D419ED6C8B00C202AA;
			productRefGroup = 1FDAE7DE19ED6C8C00C202AA /* Products */;
			projectDirPath = "";
			projectRoot = "";
			targets = (
				1FDAE7DC19ED6C8C00C202AA /* Hw3 */,
				1FDAE7F519ED6C8C00C202AA /* Hw3Tests */,
			);
		};
/* End PBXProject section */

/* Begin PBXResourcesBuildPhase section */
		1FDAE7DB19ED6C8C00C202AA /* Resources */ = {
			isa = PBXResourcesBuildPhase;
			buildActionMask = 2147483647;
			files = (
				1FDAE7EC19ED6C8C00C202AA /* Main.storyboard in Resources */,
				1FDAE7F119ED6C8C00C202AA /* LaunchScreen.xib in Resources */,
				1FDAE7EE19ED6C8C00C202AA /* Images.xcassets in Resources */,
			);
			runOnlyForDeploymentPostprocessing = 0;
		};
		1FDAE7F419ED6C8C00C202AA /* Resources */ = {
			isa = PBXResourcesBuildPhase;
			buildActionMask = 2147483647;
			files = (
			);
			runOnlyForDeploymentPostprocessing = 0;
		};
/* End PBXResourcesBuildPhase section */

/* Begin PBXSourcesBuildPhase section */
		1FDAE7D919ED6C8C00C202AA /* Sources */ = {
			isa = PBXSourcesBuildPhase;
			buildActionMask = 2147483647;
			files = (
				1FDAE7E919ED6C8C00C202AA /* ViewController.m in Sources */,
				1FDAE80B19ED6DFF00C202AA /* LocationsTable.m in Sources */,
				1FDAE80819ED6DE400C202AA /* PhotosTable.m in Sources */,
				1FDAE7E619ED6C8C00C202AA /* AppDelegate.m in Sources */,
				1FDAE81019ED6E8B00C202AA /* FlickrFetcher.m in Sources */,
				1FDAE7E319ED6C8C00C202AA /* main.m in Sources */,
			);
			runOnlyForDeploymentPostprocessing = 0;
		};
		1FDAE7F219ED6C8C00C202AA /* Sources */ = {
			isa = PBXSourcesBuildPhase;
			buildActionMask = 2147483647;
			files = (
				1FDAE7FD19ED6C8C00C202AA /* Hw3Tests.m in Sources */,
			);
			runOnlyForDeploymentPostprocessing = 0;
		};
/* End PBXSourcesBuildPhase section */

/* Begin PBXTargetDependency section */
		1FDAE7F819ED6C8C00C202AA /* PBXTargetDependency */ = {
			isa = PBXTargetDependency;
			target = 1FDAE7DC19ED6C8C00C202AA /* Hw3 */;
			targetProxy = 1FDAE7F719ED6C8C00C202AA /* PBXContainerItemProxy */;
		};
/* End PBXTargetDependency section */

/* Begin PBXVariantGroup section */
		1FDAE7EA19ED6C8C00C202AA /* Main.storyboard */ = {
			isa = PBXVariantGroup;
			children = (
				1FDAE7EB19ED6C8C00C202AA /* Base */,
			);
			name = Main.storyboard;
			sourceTree = "<group>";
		};
		1FDAE7EF19ED6C8C00C202AA /* LaunchScreen.xib */ = {
			isa = PBXVariantGroup;
			children = (
				1FDAE7F019ED6C8C00C202AA /* Base */,
			);
			name = LaunchScreen.xib;
			sourceTree = "<group>";
		};
/* End PBXVariantGroup section */

/* Begin XCBuildConfiguration section */
		1FDAE7FE19ED6C8C00C202AA /* Debug */ = {
			isa = XCBuildConfiguration;
			buildSettings = {
				ALWAYS_SEARCH_USER_PATHS = NO;
				CLANG_CXX_LANGUAGE_STANDARD = "gnu++0x";
				CLANG_CXX_LIBRARY = "libc++";
				CLANG_ENABLE_MODULES = YES;
				CLANG_ENABLE_OBJC_ARC = YES;
				CLANG_WARN_BOOL_CONVERSION = YES;
				CLANG_WARN_CONSTANT_CONVERSION = YES;
				CLANG_WARN_DIRECT_OBJC_ISA_USAGE = YES_ERROR;
				CLANG_WARN_EMPTY_BODY = YES;
				CLANG_WARN_ENUM_CONVERSION = YES;
				CLANG_WARN_INT_CONVERSION = YES;
				CLANG_WARN_OBJC_ROOT_CLASS = YES_ERROR;
				CLANG_WARN_UNREACHABLE_CODE = YES;
				CLANG_WARN__DUPLICATE_METHOD_MATCH = YES;
				"CODE_SIGN_IDENTITY[sdk=iphoneos*]" = "iPhone Developer";
				COPY_PHASE_STRIP = NO;
				ENABLE_STRICT_OBJC_MSGSEND = YES;
				GCC_C_LANGUAGE_STANDARD = gnu99;
				GCC_DYNAMIC_NO_PIC = NO;
				GCC_OPTIMIZATION_LEVEL = 0;
				GCC_PREPROCESSOR_DEFINITIONS = (
					"DEBUG=1",
					"$(inherited)",
				);
				GCC_SYMBOLS_PRIVATE_EXTERN = NO;
				GCC_WARN_64_TO_32_BIT_CONVERSION = YES;
				GCC_WARN_ABOUT_RETURN_TYPE = YES_ERROR;
				GCC_WARN_UNDECLARED_SELECTOR = YES;
				GCC_WARN_UNINITIALIZED_AUTOS = YES_AGGRESSIVE;
				GCC_WARN_UNUSED_FUNCTION = YES;
				GCC_WARN_UNUSED_VARIABLE = YES;
				IPHONEOS_DEPLOYMENT_TARGET = 8.0;
				MTL_ENABLE_DEBUG_INFO = YES;
				ONLY_ACTIVE_ARCH = YES;
				SDKROOT = iphoneos;
			};
			name = Debug;
		};
		1FDAE7FF19ED6C8C00C202AA /* Release */ = {
			isa = XCBuildConfiguration;
			buildSettings = {
				ALWAYS_SEARCH_USER_PATHS = NO;
				CLANG_CXX_LANGUAGE_STANDARD = "gnu++0x";
				CLANG_CXX_LIBRARY = "libc++";
				CLANG_ENABLE_MODULES = YES;
				CLANG_ENABLE_OBJC_ARC = YES;
				CLANG_WARN_BOOL_CONVERSION = YES;
				CLANG_WARN_CONSTANT_CONVERSION = YES;
				CLANG_WARN_DIRECT_OBJC_ISA_USAGE = YES_ERROR;
				CLANG_WARN_EMPTY_BODY = YES;
				CLANG_WARN_ENUM_CONVERSION = YES;
				CLANG_WARN_INT_CONVERSION = YES;
				CLANG_WARN_OBJC_ROOT_CLASS = YES_ERROR;
				CLANG_WARN_UNREACHABLE_CODE = YES;
				CLANG_WARN__DUPLICATE_METHOD_MATCH = YES;
				"CODE_SIGN_IDENTITY[sdk=iphoneos*]" = "iPhone Developer";
				COPY_PHASE_STRIP = YES;
				ENABLE_NS_ASSERTIONS = NO;
				ENABLE_STRICT_OBJC_MSGSEND = YES;
				GCC_C_LANGUAGE_STANDARD = gnu99;
				GCC_WARN_64_TO_32_BIT_CONVERSION = YES;
				GCC_WARN_ABOUT_RETURN_TYPE = YES_ERROR;
				GCC_WARN_UNDECLARED_SELECTOR = YES;
				GCC_WARN_UNINITIALIZED_AUTOS = YES_AGGRESSIVE;
				GCC_WARN_UNUSED_FUNCTION = YES;
				GCC_WARN_UNUSED_VARIABLE = YES;
				IPHONEOS_DEPLOYMENT_TARGET = 8.0;
				MTL_ENABLE_DEBUG_INFO = NO;
				SDKROOT = iphoneos;
				VALIDATE_PRODUCT = YES;
			};
			name = Release;
		};
		1FDAE80119ED6C8C00C202AA /* Debug */ = {
			isa = XCBuildConfiguration;
			buildSettings = {
				ASSETCATALOG_COMPILER_APPICON_NAME = AppIcon;
				INFOPLIST_FILE = Hw3/Info.plist;
				IPHONEOS_DEPLOYMENT_TARGET = 7.0;
				LD_RUNPATH_SEARCH_PATHS = "$(inherited) @executable_path/Frameworks";
				PRODUCT_NAME = "$(TARGET_NAME)";
				TARGETED_DEVICE_FAMILY = 1;
			};
			name = Debug;
		};
		1FDAE80219ED6C8C00C202AA /* Release */ = {
			isa = XCBuildConfiguration;
			buildSettings = {
				ASSETCATALOG_COMPILER_APPICON_NAME = AppIcon;
				INFOPLIST_FILE = Hw3/Info.plist;
				IPHONEOS_DEPLOYMENT_TARGET = 7.0;
				LD_RUNPATH_SEARCH_PATHS = "$(inherited) @executable_path/Frameworks";
				PRODUCT_NAME = "$(TARGET_NAME)";
				TARGETED_DEVICE_FAMILY = 1;
			};
			name = Release;
		};
		1FDAE80419ED6C8C00C202AA /* Debug */ = {
			isa = XCBuildConfiguration;
			buildSettings = {
				BUNDLE_LOADER = "$(TEST_HOST)";
				FRAMEWORK_SEARCH_PATHS = (
					"$(SDKROOT)/Developer/Library/Frameworks",
					"$(inherited)",
				);
				GCC_PREPROCESSOR_DEFINITIONS = (
					"DEBUG=1",
					"$(inherited)",
				);
				INFOPLIST_FILE = Hw3Tests/Info.plist;
				LD_RUNPATH_SEARCH_PATHS = "$(inherited) @executable_path/Frameworks @loader_path/Frameworks";
				PRODUCT_NAME = "$(TARGET_NAME)";
				TEST_HOST = "$(BUILT_PRODUCTS_DIR)/Hw3.app/Hw3";
			};
			name = Debug;
		};
		1FDAE80519ED6C8C00C202AA /* Release */ = {
			isa = XCBuildConfiguration;
			buildSettings = {
				BUNDLE_LOADER = "$(TEST_HOST)";
				FRAMEWORK_SEARCH_PATHS = (
					"$(SDKROOT)/Developer/Library/Frameworks",
					"$(inherited)",
				);
				INFOPLIST_FILE = Hw3Tests/Info.plist;
				LD_RUNPATH_SEARCH_PATHS = "$(inherited) @executable_path/Frameworks @loader_path/Frameworks";
				PRODUCT_NAME = "$(TARGET_NAME)";
				TEST_HOST = "$(BUILT_PRODUCTS_DIR)/Hw3.app/Hw3";
			};
			name = Release;
		};
/* End XCBuildConfiguration section */

/* Begin XCConfigurationList section */
		1FDAE7D819ED6C8B00C202AA /* Build configuration list for PBXProject "Hw3" */ = {
			isa = XCConfigurationList;
			buildConfigurations = (
				1FDAE7FE19ED6C8C00C202AA /* Debug */,
				1FDAE7FF19ED6C8C00C202AA /* Release */,
			);
			defaultConfigurationIsVisible = 0;
			defaultConfigurationName = Release;
		};
		1FDAE80019ED6C8C00C202AA /* Build configuration list for PBXNativeTarget "Hw3" */ = {
			isa = XCConfigurationList;
			buildConfigurations = (
				1FDAE80119ED6C8C00C202AA /* Debug */,
				1FDAE80219ED6C8C00C202AA /* Release */,
			);
			defaultConfigurationIsVisible = 0;
		};
		1FDAE80319ED6C8C00C202AA /* Build configuration list for PBXNativeTarget "Hw3Tests" */ = {
			isa = XCConfigurationList;
			buildConfigurations = (
				1FDAE80419ED6C8C00C202AA /* Debug */,
				1FDAE80519ED6C8C00C202AA /* Release */,
			);
			defaultConfigurationIsVisible = 0;
		};
/* End XCConfigurationList section */
	};
	rootObject = 1FDAE7D519ED6C8B00C202AA /* Project object */;
}
